
Microsoft Visual Studio Solution File, Format Version 12.00
# Visual Studio Version 16
VisualStudioVersion = 16.0.30225.117
MinimumVisualStudioVersion = 10.0.40219.1
Project("{FAE04EC0-301F-11D3-BF4B-00C04F79EFBC}") = "aspwebapp", "aspwebapp\aspwebapp.csproj", "{0F3CC56C-DA27-4F3B-B57E-2937D48BCBE3}"
EndProject
Global
	GlobalSection(SolutionConfigurationPlatforms) = preSolution
		Debug|Any CPU = Debug|Any CPU
		Release|Any CPU = Release|Any CPU
	EndGlobalSection
	GlobalSection(ProjectConfigurationPlatforms) = postSolution
		{0F3CC56C-DA27-4F3B-B57E-2937D48BCBE3}.Debug|Any CPU.ActiveCfg = Debug|Any CPU
		{0F3CC56C-DA27-4F3B-B57E-2937D48BCBE3}.Debug|Any CPU.Build.0 = Debug|Any CPU
		{0F3CC56C-DA27-4F3B-B57E-2937D48BCBE3}.Release|Any CPU.ActiveCfg = Release|Any CPU
		{0F3CC56C-DA27-4F3B-B57E-2937D48BCBE3}.Release|Any CPU.Build.0 = Release|Any CPU
	EndGlobalSection
	GlobalSection(SolutionProperties) = preSolution
		HideSolutionNode = FALSE
	EndGlobalSection
	GlobalSection(ExtensibilityGlobals) = postSolution
		SolutionGuid = {F5C79D8F-ADB7-4BB8-B9BC-5D2F3DD41FC1}
	EndGlobalSection
EndGlobal
